
Microsoft Visual Studio Solution File, Format Version 12.00
# Visual Studio 15
VisualStudioVersion = 15.0.28307.168
MinimumVisualStudioVersion = 10.0.40219.1
Project("{FAE04EC0-301F-11D3-BF4B-00C04F79EFBC}") = "XMas_Project_WebAPI", "XMas_Project_WebAPI\XMas_Project_WebAPI.csproj", "{8CAFEA3F-C0BA-46E6-9335-340FA30C2A37}"
EndProject
Project("{FAE04EC0-301F-11D3-BF4B-00C04F79EFBC}") = "DatabaseAccess", "DatabaseAccess\DatabaseAccess.csproj", "{E70A652A-0879-496F-A9C1-B495824A8D07}"
EndProject
Global
	GlobalSection(SolutionConfigurationPlatforms) = preSolution
		Debug|Any CPU = Debug|Any CPU
		Release|Any CPU = Release|Any CPU
	EndGlobalSection
	GlobalSection(ProjectConfigurationPlatforms) = postSolution
		{8CAFEA3F-C0BA-46E6-9335-340FA30C2A37}.Debug|Any CPU.ActiveCfg = Debug|Any CPU
		{8CAFEA3F-C0BA-46E6-9335-340FA30C2A37}.Debug|Any CPU.Build.0 = Debug|Any CPU
		{8CAFEA3F-C0BA-46E6-9335-340FA30C2A37}.Release|Any CPU.ActiveCfg = Release|Any CPU
		{8CAFEA3F-C0BA-46E6-9335-340FA30C2A37}.Release|Any CPU.Build.0 = Release|Any CPU
		{E70A652A-0879-496F-A9C1-B495824A8D07}.Debug|Any CPU.ActiveCfg = Debug|Any CPU
		{E70A652A-0879-496F-A9C1-B495824A8D07}.Debug|Any CPU.Build.0 = Debug|Any CPU
		{E70A652A-0879-496F-A9C1-B495824A8D07}.Release|Any CPU.ActiveCfg = Release|Any CPU
		{E70A652A-0879-496F-A9C1-B495824A8D07}.Release|Any CPU.Build.0 = Release|Any CPU
	EndGlobalSection
	GlobalSection(SolutionProperties) = preSolution
		HideSolutionNode = FALSE
	EndGlobalSection
	GlobalSection(ExtensibilityGlobals) = postSolution
		SolutionGuid = {EFE4F6CF-7058-4FBB-B80B-F1088C63AF49}
	EndGlobalSection
EndGlobal
